# Generated by pub
# See http://pub.dartlang.org/doc/glossary.html#lockfile
packages:
  args:
    description:
      name: args
      url: "https://pub.dartlang.org"
    source: hosted
    version: "0.13.7"
  async:
    description:
      name: async
      url: "https://pub.dartlang.org"
    source: hosted
    version: "1.13.3"
  bignum:
    description:
      name: bignum
      url: "https://pub.dartlang.org"
    source: hosted
    version: "0.1.0"
  charcode:
    description:
      name: charcode
      url: "https://pub.dartlang.org"
    source: hosted
    version: "1.1.1"
  cipher:
    description:
      ref: HEAD
      resolved-ref: "2f74f1f01852033175a538d12fafdfb9f6ece77d"
      url: "https://github.com/IOT-DSA/cipher.git"
    source: git
    version: "0.7.2"
  collection:
    description:
      name: collection
      url: "https://pub.dartlang.org"
    source: hosted
    version: "1.14.3"
  convert:
    description:
      name: convert
      url: "https://pub.dartlang.org"
    source: hosted
    version: "2.0.1"
  crypto:
    description:
      name: crypto
      url: "https://pub.dartlang.org"
    source: hosted
    version: "2.0.2"
  diff_match_patch:
    description:
      name: diff_match_patch
      url: "https://pub.dartlang.org"
    source: hosted
    version: "0.2.1"
  dslink:
    description:
      ref: HEAD
      resolved-ref: a64be0104405b88d8f0f7ad91928de142508e487
      url: "https://github.com/IOT-DSA/sdk-dslink-dart.git"
    source: git
    version: "0.6.1"
  dslink_schedule:
    description:
      ref: HEAD
      resolved-ref: "922b03ccc8d54c3bc248bce15e2c6bb490bf4a3d"
      url: "https://github.com/IOT-DSA/dslink-dart-schedule.git"
    source: git
    version: "0.0.0"
  fixnum:
    description:
      name: fixnum
      url: "https://pub.dartlang.org"
    source: hosted
    version: "0.10.6"
  flutter:
    description: flutter
    source: sdk
    version: "0.0.31"
  flutter_color_picker:
    description:
      name: flutter_color_picker
      url: "https://pub.dartlang.org"
    source: hosted
    version: "0.0.1"
  flutter_stream_friends:
    description:
      name: flutter_stream_friends
      url: "https://pub.dartlang.org"
    source: hosted
    version: "0.5.0"
  http:
    description:
      name: http
      url: "https://pub.dartlang.org"
    source: hosted
    version: "0.11.3+14"
  http_parser:
    description:
      name: http_parser
      url: "https://pub.dartlang.org"
    source: hosted
    version: "3.1.1"
  intl:
    description:
      name: intl
      url: "https://pub.dartlang.org"
    source: hosted
    version: "0.14.0"
  json_diff:
    description:
      name: json_diff
      url: "https://pub.dartlang.org"
    source: hosted
    version: "0.1.2"
  logging:
    description:
      name: logging
      url: "https://pub.dartlang.org"
    source: hosted
    version: "0.11.3+1"
  meta:
    description:
      name: meta
      url: "https://pub.dartlang.org"
    source: hosted
    version: "1.1.1"
  msgpack:
    description:
      ref: HEAD
      resolved-ref: d15d0ed5785991783f4a7f7db080ad18320634e2
      url: "https://github.com/IOT-DSA/msgpack.dart.git"
    source: git
    version: "0.8.0"
  package_config:
    description:
      name: package_config
      url: "https://pub.dartlang.org"
    source: hosted
    version: "1.0.2"
  path:
    description:
      name: path
      url: "https://pub.dartlang.org"
    source: hosted
    version: "1.4.2"
  path_provider:
    description:
      name: path_provider
      url: "https://pub.dartlang.org"
    source: hosted
    version: "0.2.1+1"
  petitparser:
    description:
      name: petitparser
      url: "https://pub.dartlang.org"
    source: hosted
    version: "1.5.5"
  quiver_hashcode:
    description:
      name: quiver_hashcode
      url: "https://pub.dartlang.org"
    source: hosted
    version: "1.0.0"
  redux:
    description:
      name: redux
      url: "https://pub.dartlang.org"
    source: hosted
    version: "1.1.0"
  rxdart:
    description:
      ref: HEAD
      resolved-ref: d165af5a494e6fdd147b9a4f7f2c3a9674b82901
      url: "https://github.com/ReactiveX/rxdart.git"
    source: git
    version: "0.13.1"
  shared_preferences:
    description:
      name: shared_preferences
      url: "https://pub.dartlang.org"
    source: hosted
    version: "0.2.4+1"
  sky_engine:
    description:
      path: "../flutter/bin/cache/pkg/sky_engine"
      relative: true
    source: path
    version: "0.0.99"
  source_span:
    description:
      name: source_span
      url: "https://pub.dartlang.org"
    source: hosted
    version: "1.4.0"
  stack_trace:
    description:
      name: stack_trace
      url: "https://pub.dartlang.org"
    source: hosted
    version: "1.8.0"
  string_scanner:
    description:
      name: string_scanner
      url: "https://pub.dartlang.org"
    source: hosted
    version: "1.0.2"
  timezone:
    description:
      name: timezone
      url: "https://pub.dartlang.org"
    source: hosted
    version: "0.5.0-dev-2"
  tuple:
    description:
      name: tuple
      url: "https://pub.dartlang.org"
    source: hosted
    version: "1.0.1"
  typed_data:
    description:
      name: typed_data
      url: "https://pub.dartlang.org"
    source: hosted
    version: "1.1.3"
  vector_math:
    description:
      name: vector_math
      url: "https://pub.dartlang.org"
    source: hosted
    version: "2.0.5"
  xml:
    description:
      name: xml
      url: "https://pub.dartlang.org"
    source: hosted
    version: "2.5.0"
sdks:
  dart: ">=1.23.0 <2.0.0-dev.infinity"
