# Generated by pub
# See http://pub.dartlang.org/doc/glossary.html#lockfile
packages:
  analyzer:
    description:
      name: analyzer
      url: "https://pub.dartlang.org"
    source: hosted
    version: "0.30.0+4"
  args:
    description:
      name: args
      url: "https://pub.dartlang.org"
    source: hosted
    version: "0.13.7"
  async:
    description:
      name: async
      url: "https://pub.dartlang.org"
    source: hosted
    version: "1.13.3"
  barback:
    description:
      name: barback
      url: "https://pub.dartlang.org"
    source: hosted
    version: "0.15.2+12"
  bignum:
    description:
      name: bignum
      url: "https://pub.dartlang.org"
    source: hosted
    version: "0.1.0"
  boolean_selector:
    description:
      name: boolean_selector
      url: "https://pub.dartlang.org"
    source: hosted
    version: "1.0.2"
  charcode:
    description:
      name: charcode
      url: "https://pub.dartlang.org"
    source: hosted
    version: "1.1.1"
  cipher:
    description:
      path: "."
      ref: HEAD
      resolved-ref: "2f74f1f01852033175a538d12fafdfb9f6ece77d"
      url: "https://github.com/IOT-DSA/cipher.git"
    source: git
    version: "0.7.2"
  cli_util:
    description:
      name: cli_util
      url: "https://pub.dartlang.org"
    source: hosted
    version: "0.1.2+1"
  collection:
    description:
      name: collection
      url: "https://pub.dartlang.org"
    source: hosted
    version: "1.14.3"
  convert:
    description:
      name: convert
      url: "https://pub.dartlang.org"
    source: hosted
    version: "2.0.1"
  crypto:
    description:
      name: crypto
      url: "https://pub.dartlang.org"
    source: hosted
    version: "2.0.2+1"
  csslib:
    description:
      name: csslib
      url: "https://pub.dartlang.org"
    source: hosted
    version: "0.14.1"
  diff_match_patch:
    description:
      name: diff_match_patch
      url: "https://pub.dartlang.org"
    source: hosted
    version: "0.2.1"
  dslink:
    description:
      path: "."
      ref: HEAD
      resolved-ref: "96ea410aadda0c249d7c3e142f56d6b1d2ba9857"
      url: "https://github.com/IOT-DSA/sdk-dslink-dart.git"
    source: git
    version: "0.6.1"
  dslink_schedule:
    description:
      path: "."
      ref: HEAD
      resolved-ref: a9f4d39264cbad69bc0036d53e0f3414e2e7b703
      url: "https://github.com/IOT-DSA/dslink-dart-schedule.git"
    source: git
    version: "0.0.0"
  fixnum:
    description:
      name: fixnum
      url: "https://pub.dartlang.org"
    source: hosted
    version: "0.10.6"
  flutter:
    description: flutter
    source: sdk
    version: "0.0.35"
  flutter_color_picker:
    description:
      name: flutter_color_picker
      url: "https://pub.dartlang.org"
    source: hosted
    version: "0.0.1"
  flutter_stream_friends:
    description:
      name: flutter_stream_friends
      url: "https://pub.dartlang.org"
    source: hosted
    version: "0.5.0"
  flutter_test:
    description: flutter
    source: sdk
    version: "0.0.13"
  front_end:
    description:
      name: front_end
      url: "https://pub.dartlang.org"
    source: hosted
    version: "0.1.0-alpha.4.1"
  glob:
    description:
      name: glob
      url: "https://pub.dartlang.org"
    source: hosted
    version: "1.1.5"
  html:
    description:
      name: html
      url: "https://pub.dartlang.org"
    source: hosted
    version: "0.13.2"
  http:
    description:
      name: http
      url: "https://pub.dartlang.org"
    source: hosted
    version: "0.11.3+15"
  http_multi_server:
    description:
      name: http_multi_server
      url: "https://pub.dartlang.org"
    source: hosted
    version: "2.0.4"
  http_parser:
    description:
      name: http_parser
      url: "https://pub.dartlang.org"
    source: hosted
    version: "3.1.1"
  intl:
    description:
      name: intl
      url: "https://pub.dartlang.org"
    source: hosted
    version: "0.15.1"
  isolate:
    description:
      name: isolate
      url: "https://pub.dartlang.org"
    source: hosted
    version: "1.1.0"
  js:
    description:
      name: js
      url: "https://pub.dartlang.org"
    source: hosted
    version: "0.6.1"
  json_diff:
    description:
      name: json_diff
      url: "https://pub.dartlang.org"
    source: hosted
    version: "0.1.2"
  kernel:
    description:
      name: kernel
      url: "https://pub.dartlang.org"
    source: hosted
    version: "0.3.0-alpha.1.1"
  logging:
    description:
      name: logging
      url: "https://pub.dartlang.org"
    source: hosted
    version: "0.11.3+1"
  matcher:
    description:
      name: matcher
      url: "https://pub.dartlang.org"
    source: hosted
    version: "0.12.1+4"
  meta:
    description:
      name: meta
      url: "https://pub.dartlang.org"
    source: hosted
    version: "1.1.2"
  mime:
    description:
      name: mime
      url: "https://pub.dartlang.org"
    source: hosted
    version: "0.9.3"
  msgpack:
    description:
      path: "."
      ref: HEAD
      resolved-ref: d15d0ed5785991783f4a7f7db080ad18320634e2
      url: "https://github.com/IOT-DSA/msgpack.dart.git"
    source: git
    version: "0.8.0"
  node_preamble:
    description:
      name: node_preamble
      url: "https://pub.dartlang.org"
    source: hosted
    version: "1.4.0"
  package_config:
    description:
      name: package_config
      url: "https://pub.dartlang.org"
    source: hosted
    version: "1.0.3"
  package_resolver:
    description:
      name: package_resolver
      url: "https://pub.dartlang.org"
    source: hosted
    version: "1.0.2"
  path:
    description:
      name: path
      url: "https://pub.dartlang.org"
    source: hosted
    version: "1.4.2"
  path_provider:
    description:
      name: path_provider
      url: "https://pub.dartlang.org"
    source: hosted
    version: "0.2.1+1"
  petitparser:
    description:
      name: petitparser
      url: "https://pub.dartlang.org"
    source: hosted
    version: "1.6.1"
  plugin:
    description:
      name: plugin
      url: "https://pub.dartlang.org"
    source: hosted
    version: "0.2.0+2"
  pool:
    description:
      name: pool
      url: "https://pub.dartlang.org"
    source: hosted
    version: "1.3.3"
  pub_semver:
    description:
      name: pub_semver
      url: "https://pub.dartlang.org"
    source: hosted
    version: "1.3.2"
  quiver:
    description:
      name: quiver
      url: "https://pub.dartlang.org"
    source: hosted
    version: "0.24.0"
  quiver_hashcode:
    description:
      name: quiver_hashcode
      url: "https://pub.dartlang.org"
    source: hosted
    version: "1.0.0"
  redux:
    description:
      name: redux
      url: "https://pub.dartlang.org"
    source: hosted
    version: "1.1.0"
  rxdart:
    description:
      path: "."
      ref: HEAD
      resolved-ref: e485687447d4c34a6dec92255e13fe439280564d
      url: "https://github.com/ReactiveX/rxdart.git"
    source: git
    version: "0.14.0+1"
  shelf:
    description:
      name: shelf
      url: "https://pub.dartlang.org"
    source: hosted
    version: "0.7.0"
  shelf_packages_handler:
    description:
      name: shelf_packages_handler
      url: "https://pub.dartlang.org"
    source: hosted
    version: "1.0.3"
  shelf_static:
    description:
      name: shelf_static
      url: "https://pub.dartlang.org"
    source: hosted
    version: "0.2.5"
  shelf_web_socket:
    description:
      name: shelf_web_socket
      url: "https://pub.dartlang.org"
    source: hosted
    version: "0.2.2"
  sky_engine:
    description:
      path: "../flutter/bin/cache/pkg/sky_engine"
      relative: true
    source: path
    version: "0.0.99"
  source_map_stack_trace:
    description:
      name: source_map_stack_trace
      url: "https://pub.dartlang.org"
    source: hosted
    version: "1.1.4"
  source_maps:
    description:
      name: source_maps
      url: "https://pub.dartlang.org"
    source: hosted
    version: "0.10.4"
  source_span:
    description:
      name: source_span
      url: "https://pub.dartlang.org"
    source: hosted
    version: "1.4.0"
  stack_trace:
    description:
      name: stack_trace
      url: "https://pub.dartlang.org"
    source: hosted
    version: "1.8.2"
  stream_channel:
    description:
      name: stream_channel
      url: "https://pub.dartlang.org"
    source: hosted
    version: "1.6.2"
  string_scanner:
    description:
      name: string_scanner
      url: "https://pub.dartlang.org"
    source: hosted
    version: "1.0.2"
  term_glyph:
    description:
      name: term_glyph
      url: "https://pub.dartlang.org"
    source: hosted
    version: "1.0.0"
  test:
    description:
      name: test
      url: "https://pub.dartlang.org"
    source: hosted
    version: "0.12.24+2"
  timezone:
    description:
      name: timezone
      url: "https://pub.dartlang.org"
    source: hosted
    version: "0.5.0-dev-2"
  tuple:
    description:
      name: tuple
      url: "https://pub.dartlang.org"
    source: hosted
    version: "1.0.1"
  typed_data:
    description:
      name: typed_data
      url: "https://pub.dartlang.org"
    source: hosted
    version: "1.1.5"
  utf:
    description:
      name: utf
      url: "https://pub.dartlang.org"
    source: hosted
    version: "0.9.0+3"
  vector_math:
    description:
      name: vector_math
      url: "https://pub.dartlang.org"
    source: hosted
    version: "2.0.5"
  watcher:
    description:
      name: watcher
      url: "https://pub.dartlang.org"
    source: hosted
    version: "0.9.7+4"
  web_socket_channel:
    description:
      name: web_socket_channel
      url: "https://pub.dartlang.org"
    source: hosted
    version: "1.0.6"
  xml:
    description:
      name: xml
      url: "https://pub.dartlang.org"
    source: hosted
    version: "2.6.0"
  yaml:
    description:
      name: yaml
      url: "https://pub.dartlang.org"
    source: hosted
    version: "2.1.13"
sdks:
  dart: ">=1.24.0 <2.0.0-dev.infinity"
